
Microsoft Visual Studio Solution File, Format Version 12.00
# Visual Studio Version 16
VisualStudioVersion = 16.0.31624.102
MinimumVisualStudioVersion = 10.0.40219.1
Project("{8BC9CEB8-8B4A-11D0-8D11-00A0C91BC942}") = "pairVector", "pairVector\pairVector.vcxproj", "{620A335D-8230-4829-BA6B-1EC917180524}"
EndProject
Global
	GlobalSection(SolutionConfigurationPlatforms) = preSolution
		Debug|x64 = Debug|x64
		Debug|x86 = Debug|x86
		Release|x64 = Release|x64
		Release|x86 = Release|x86
	EndGlobalSection
	GlobalSection(ProjectConfigurationPlatforms) = postSolution
		{620A335D-8230-4829-BA6B-1EC917180524}.Debug|x64.ActiveCfg = Debug|x64
		{620A335D-8230-4829-BA6B-1EC917180524}.Debug|x64.Build.0 = Debug|x64
		{620A335D-8230-4829-BA6B-1EC917180524}.Debug|x86.ActiveCfg = Debug|Win32
		{620A335D-8230-4829-BA6B-1EC917180524}.Debug|x86.Build.0 = Debug|Win32
		{620A335D-8230-4829-BA6B-1EC917180524}.Release|x64.ActiveCfg = Release|x64
		{620A335D-8230-4829-BA6B-1EC917180524}.Release|x64.Build.0 = Release|x64
		{620A335D-8230-4829-BA6B-1EC917180524}.Release|x86.ActiveCfg = Release|Win32
		{620A335D-8230-4829-BA6B-1EC917180524}.Release|x86.Build.0 = Release|Win32
	EndGlobalSection
	GlobalSection(SolutionProperties) = preSolution
		HideSolutionNode = FALSE
	EndGlobalSection
	GlobalSection(ExtensibilityGlobals) = postSolution
		SolutionGuid = {03E41302-19F1-44EC-8C94-C00163A01E57}
	EndGlobalSection
EndGlobal
